{
  "name": "construct-new",
  "version": "2.0.2",
  "lockfileVersion": 3,
  "requires": true,
  "packages": {
    "": {
      "name": "construct-new",
      "version": "2.0.2",
      "license": "MIT",
      "dependencies": {
        "@_immo/return": "^1.1.1",
        "immediate-error": "^6.3.0",
        "is-arguments": "^1.1.1",
        "is-constructable": "^1.0.0",
        "is-es2015": "^0.1.6",
        "is-function": "^1.0.2",
        "is-nil": "^1.0.1",
        "isarray": "^2.0.5",
        "noop6": "^1.0.9",
        "true": "^0.0.4"
      },
      "devDependencies": {
        "@types/node": "^22.5.5"
      }
    },
    "node_modules/@_immo/return": {
      "version": "1.1.1",
      "license": "AGPL-3.0",
      "dependencies": {
        "@_immo/return": "^1.1.0",
        "false": "^0.0.4",
        "is-even": "^1.0.0",
        "is-number": "^7.0.0",
        "is-odd": "^3.0.1",
        "true": "^0.0.4"
      }
    },
    "node_modules/@types/node": {
      "version": "22.19.3",
      "resolved": "https://registry.npmjs.org/@types/node/-/node-22.19.3.tgz",
      "integrity": "sha512-1N9SBnWYOJTrNZCdh/yJE+t910Y128BoyY+zBLWhL3r0TYzlTmFdXrPwHL9DyFZmlEXNQQolTZh3KHV31QDhyA==",
      "dev": true,
      "license": "MIT",
      "dependencies": {
        "undici-types": "~6.21.0"
      }
    },
    "node_modules/always-four": {
      "version": "1.0.0",
      "license": "UNLICENSED"
    },
    "node_modules/always-thirteen": {
      "version": "1.0.3",
      "license": "ISC"
    },
    "node_modules/assert-fn": {
      "version": "1.0.1",
      "license": "UNLICENSED",
      "dependencies": {
        "none": "^1.0.0",
        "vanilla-javascript": "^1.1.1"
      }
    },
    "node_modules/call-bind-apply-helpers": {
      "version": "1.0.2",
      "license": "MIT",
      "dependencies": {
        "es-errors": "^1.3.0",
        "function-bind": "^1.1.2"
      },
      "engines": {
        "node": ">= 0.4"
      }
    },
    "node_modules/call-bound": {
      "version": "1.0.4",
      "license": "MIT",
      "dependencies": {
        "call-bind-apply-helpers": "^1.0.2",
        "get-intrinsic": "^1.3.0"
      },
      "engines": {
        "node": ">= 0.4"
      },
      "funding": {
        "url": "https://github.com/sponsors/ljharb"
      }
    },
    "node_modules/compute-hmean": {
      "version": "1.0.0"
    },
    "node_modules/dunder-proto": {
      "version": "1.0.1",
      "license": "MIT",
      "dependencies": {
        "call-bind-apply-helpers": "^1.0.1",
        "es-errors": "^1.3.0",
        "gopd": "^1.2.0"
      },
      "engines": {
        "node": ">= 0.4"
      }
    },
    "node_modules/es-define-property": {
      "version": "1.0.1",
      "license": "MIT",
      "engines": {
        "node": ">= 0.4"
      }
    },
    "node_modules/es-errors": {
      "version": "1.3.0",
      "license": "MIT",
      "engines": {
        "node": ">= 0.4"
      }
    },
    "node_modules/es-object-atoms": {
      "version": "1.1.1",
      "license": "MIT",
      "dependencies": {
        "es-errors": "^1.3.0"
      },
      "engines": {
        "node": ">= 0.4"
      }
    },
    "node_modules/false": {
      "version": "0.0.4",
      "license": "Apache-2.0"
    },
    "node_modules/fifteen-kilos": {
      "version": "2.0.0",
      "license": "MIT"
    },
    "node_modules/fifteen-point-eight-three-five-two-six-six-eight-two-and-so-on": {
      "version": "1.0.0",
      "license": "MIT",
      "dependencies": {
        "always-thirteen": "^1.0.3",
        "compute-hmean": "^1.0.0",
        "fourteen": "^2.0.0",
        "meaning-of-life": "^1.0.0",
        "number-fifteen": "^1.0.0"
      }
    },
    "node_modules/five": {
      "version": "0.8.0",
      "license": "MIT"
    },
    "node_modules/fourteen": {
      "version": "2.0.0",
      "license": "MIT",
      "dependencies": {
        "always-thirteen": "^1.0.3",
        "successor": "^1.0.0"
      }
    },
    "node_modules/function-bind": {
      "version": "1.1.2",
      "license": "MIT",
      "funding": {
        "url": "https://github.com/sponsors/ljharb"
      }
    },
    "node_modules/get-intrinsic": {
      "version": "1.3.0",
      "license": "MIT",
      "dependencies": {
        "call-bind-apply-helpers": "^1.0.2",
        "es-define-property": "^1.0.1",
        "es-errors": "^1.3.0",
        "es-object-atoms": "^1.1.1",
        "function-bind": "^1.1.2",
        "get-proto": "^1.0.1",
        "gopd": "^1.2.0",
        "has-symbols": "^1.1.0",
        "hasown": "^2.0.2",
        "math-intrinsics": "^1.1.0"
      },
      "engines": {
        "node": ">= 0.4"
      },
      "funding": {
        "url": "https://github.com/sponsors/ljharb"
      }
    },
    "node_modules/get-proto": {
      "version": "1.0.1",
      "license": "MIT",
      "dependencies": {
        "dunder-proto": "^1.0.1",
        "es-object-atoms": "^1.0.0"
      },
      "engines": {
        "node": ">= 0.4"
      }
    },
    "node_modules/gopd": {
      "version": "1.2.0",
      "license": "MIT",
      "engines": {
        "node": ">= 0.4"
      },
      "funding": {
        "url": "https://github.com/sponsors/ljharb"
      }
    },
    "node_modules/has-self-equality": {
      "version": "0.0.1",
      "resolved": "https://registry.npmjs.org/has-self-equality/-/has-self-equality-0.0.1.tgz",
      "integrity": "sha512-O8IVgMswjdeqPwaoOREobyyMbWZdC/NVP1Qu+Mv/dk3DYG4Zdt7qy29uxsndmcULHWI0kolp8m5dH9nSDVFASA==",
      "license": "MIT",
      "dependencies": {
        "none": "^1.0.0",
        "vanilla-javascript": "^1.1.1"
      }
    },
    "node_modules/has-symbols": {
      "version": "1.1.0",
      "license": "MIT",
      "engines": {
        "node": ">= 0.4"
      },
      "funding": {
        "url": "https://github.com/sponsors/ljharb"
      }
    },
    "node_modules/has-tostringtag": {
      "version": "1.0.2",
      "license": "MIT",
      "dependencies": {
        "has-symbols": "^1.0.3"
      },
      "engines": {
        "node": ">= 0.4"
      },
      "funding": {
        "url": "https://github.com/sponsors/ljharb"
      }
    },
    "node_modules/hasown": {
      "version": "2.0.2",
      "license": "MIT",
      "dependencies": {
        "function-bind": "^1.1.2"
      },
      "engines": {
        "node": ">= 0.4"
      }
    },
    "node_modules/immediate-error": {
      "version": "6.3.0",
      "resolved": "https://registry.npmjs.org/immediate-error/-/immediate-error-6.3.0.tgz",
      "integrity": "sha512-ZuqKztqmy25ZJOkMiBBVHTJ7U9Dy8mfxZWuwvDMFUTTMdcKylvr9uYRP6qOcWoOgympQuj7wLTmr0Rla/6MSog==",
      "license": "Unlicense",
      "dependencies": {
        "always-four": "^1.0.0",
        "assert-fn": "^1.0.1",
        "es-errors": "^1.3.0",
        "five": "^0.8.0",
        "get-intrinsic": "^1.3.0",
        "has-self-equality": "^0.0.1",
        "is-error": "^2.2.2",
        "none": "^1.0.0",
        "number-six": "^1.0.1",
        "number-zero": "^1.0.3",
        "numeric-constant-three": "^1.0.0",
        "se7en": "^1.0.0",
        "the-number-one": "^1.0.1",
        "two": "^1.0.7",
        "vanilla-javascript": "^1.1.1",
        "yanoop": "^1.0.0"
      }
    },
    "node_modules/is-arguments": {
      "version": "1.2.0",
      "license": "MIT",
      "dependencies": {
        "call-bound": "^1.0.2",
        "has-tostringtag": "^1.0.2"
      },
      "engines": {
        "node": ">= 0.4"
      },
      "funding": {
        "url": "https://github.com/sponsors/ljharb"
      }
    },
    "node_modules/is-buffer": {
      "version": "1.1.6",
      "license": "MIT"
    },
    "node_modules/is-constructable": {
      "version": "1.0.0",
      "license": "MIT"
    },
    "node_modules/is-error": {
      "version": "2.2.2",
      "license": "MIT"
    },
    "node_modules/is-es2015": {
      "version": "0.1.6",
      "license": "ISC"
    },
    "node_modules/is-even": {
      "version": "1.0.0",
      "license": "MIT",
      "dependencies": {
        "is-odd": "^0.1.2"
      },
      "engines": {
        "node": ">=0.10.0"
      }
    },
    "node_modules/is-even/node_modules/is-number": {
      "version": "3.0.0",
      "license": "MIT",
      "dependencies": {
        "kind-of": "^3.0.2"
      },
      "engines": {
        "node": ">=0.10.0"
      }
    },
    "node_modules/is-even/node_modules/is-odd": {
      "version": "0.1.2",
      "license": "MIT",
      "dependencies": {
        "is-number": "^3.0.0"
      },
      "engines": {
        "node": ">=0.10.0"
      }
    },
    "node_modules/is-function": {
      "version": "1.0.2",
      "license": "MIT"
    },
    "node_modules/is-negative": {
      "version": "2.1.0",
      "license": "MIT",
      "engines": {
        "node": ">=0.10.0"
      }
    },
    "node_modules/is-nil": {
      "version": "1.0.1",
      "license": "MIT"
    },
    "node_modules/is-number": {
      "version": "7.0.0",
      "license": "MIT",
      "engines": {
        "node": ">=0.12.0"
      }
    },
    "node_modules/is-odd": {
      "version": "3.0.1",
      "license": "MIT",
      "dependencies": {
        "is-number": "^6.0.0"
      },
      "engines": {
        "node": ">=4"
      }
    },
    "node_modules/is-odd/node_modules/is-number": {
      "version": "6.0.0",
      "license": "MIT",
      "engines": {
        "node": ">=0.10.0"
      }
    },
    "node_modules/is-positive-integer": {
      "version": "1.1.1",
      "license": "MIT"
    },
    "node_modules/isarray": {
      "version": "2.0.5",
      "license": "MIT"
    },
    "node_modules/jsfruit": {
      "version": "1.1.0",
      "license": "MIT"
    },
    "node_modules/kind-of": {
      "version": "3.2.2",
      "license": "MIT",
      "dependencies": {
        "is-buffer": "^1.1.5"
      },
      "engines": {
        "node": ">=0.10.0"
      }
    },
    "node_modules/libguacamole": {
      "version": "1.0.0",
      "license": "MIT",
      "dependencies": {
        "is-positive-integer": "^1.1.1"
      }
    },
    "node_modules/libperson": {
      "version": "1.0.0",
      "license": "MIT",
      "dependencies": {
        "jsfruit": "^1.1.0",
        "libvegetable": "^1.0.0"
      }
    },
    "node_modules/libvegetable": {
      "version": "1.0.0",
      "license": "MIT",
      "dependencies": {
        "jsfruit": "^1.1.0",
        "libguacamole": "^1.0.0"
      }
    },
    "node_modules/lodash": {
      "version": "4.17.21",
      "license": "MIT"
    },
    "node_modules/math-intrinsics": {
      "version": "1.1.0",
      "license": "MIT",
      "engines": {
        "node": ">= 0.4"
      }
    },
    "node_modules/meaning-of-life": {
      "version": "1.0.0",
      "license": "ISC"
    },
    "node_modules/none": {
      "version": "1.0.0",
      "license": "Apache-2.0"
    },
    "node_modules/noop6": {
      "version": "1.0.10",
      "license": "MIT"
    },
    "node_modules/number-fifteen": {
      "version": "1.0.0",
      "license": "MIT",
      "dependencies": {
        "fifteen-kilos": "^2.0.0"
      }
    },
    "node_modules/number-six": {
      "version": "1.0.1",
      "license": "MIT",
      "dependencies": {
        "sixteen-constant": "^1.0.0",
        "stevelib": "^1.0.0"
      }
    },
    "node_modules/number-zero": {
      "version": "1.0.3",
      "resolved": "https://registry.npmjs.org/number-zero/-/number-zero-1.0.3.tgz",
      "integrity": "sha512-6YL56eHS1uOILhwxk/d53W9vF1HHS0AjlH3WVw5b9xiMX59Sa7l4RD3AcKir46yrb2Rz/n+3Svu2tL7YOzAuvg==",
      "license": "ISC"
    },
    "node_modules/numeric-constant-three": {
      "version": "1.0.0",
      "license": "UNLICENSED",
      "dependencies": {
        "successor": "^1.0.1",
        "two": "^1.0.7"
      }
    },
    "node_modules/se7en": {
      "version": "1.0.0",
      "resolved": "https://registry.npmjs.org/se7en/-/se7en-1.0.0.tgz",
      "integrity": "sha512-0rdyKToWsGnvDHwBK2+rIf3HUafoK5tatmg9SI9HskJ0kr4WuQc10CdDvY+CS1hEG1OCkWeNJ1yJyZEn4cfLVA==",
      "license": "UNLICENSED"
    },
    "node_modules/sixteen-constant": {
      "version": "1.0.0",
      "license": "MIT",
      "dependencies": {
        "fifteen-point-eight-three-five-two-six-six-eight-two-and-so-on": "^1.0.0"
      }
    },
    "node_modules/stevelib": {
      "version": "1.0.0",
      "license": "MIT",
      "dependencies": {
        "libperson": "^1.0.0"
      }
    },
    "node_modules/successor": {
      "version": "1.0.1",
      "license": "MIT",
      "dependencies": {
        "is-negative": "^2.1.0",
        "is-number": "^7.0.0",
        "true": "^0.0.4"
      }
    },
    "node_modules/the-number-one": {
      "version": "1.0.1",
      "license": "MIT"
    },
    "node_modules/true": {
      "version": "0.0.4",
      "license": "Apache-2.0",
      "bin": {
        "true": "bin/cli.js"
      }
    },
    "node_modules/two": {
      "version": "1.0.7",
      "license": "MIT",
      "dependencies": {
        "lodash": "^4.17.21"
      }
    },
    "node_modules/undici-types": {
      "version": "6.21.0",
      "resolved": "https://registry.npmjs.org/undici-types/-/undici-types-6.21.0.tgz",
      "integrity": "sha512-iwDZqg0QAGrg9Rav5H4n0M64c3mkR59cJ6wQp+7C4nI0gsmExaedaYLNO44eT4AtBBwjbTiGPMlt2Md0T9H9JQ==",
      "dev": true,
      "license": "MIT"
    },
    "node_modules/vanilla-javascript": {
      "version": "1.1.6",
      "license": "MIT",
      "engines": {
        "node": ">=0.0.1"
      }
    },
    "node_modules/yanoop": {
      "version": "1.0.0",
      "license": "MIT"
    }
  }
}
